
Microsoft Visual Studio Solution File, Format Version 12.00
# Visual Studio Version 16
VisualStudioVersion = 16.0.31019.35
MinimumVisualStudioVersion = 10.0.40219.1
Project("{FAE04EC0-301F-11D3-BF4B-00C04F79EFBC}") = "ZeitPlan.Android", "ZeitPlan.Android\ZeitPlan.Android.csproj", "{65936691-0D92-4269-A4A6-8E9C7C506A59}"
EndProject
Project("{FAE04EC0-301F-11D3-BF4B-00C04F79EFBC}") = "ZeitPlan.iOS", "ZeitPlan.iOS\ZeitPlan.iOS.csproj", "{9EE19092-E058-4CEF-90B1-140E07F9833F}"
EndProject
Project("{FAE04EC0-301F-11D3-BF4B-00C04F79EFBC}") = "ZeitPlan", "ZeitPlan\ZeitPlan.csproj", "{8D65B060-FBFB-4307-8B48-5EA12844661D}"
EndProject
Global
	GlobalSection(SolutionConfigurationPlatforms) = preSolution
		Debug|Any CPU = Debug|Any CPU
		Debug|iPhone = Debug|iPhone
		Debug|iPhoneSimulator = Debug|iPhoneSimulator
		Release|Any CPU = Release|Any CPU
		Release|iPhone = Release|iPhone
		Release|iPhoneSimulator = Release|iPhoneSimulator
	EndGlobalSection
	GlobalSection(ProjectConfigurationPlatforms) = postSolution
		{65936691-0D92-4269-A4A6-8E9C7C506A59}.Debug|Any CPU.ActiveCfg = Debug|Any CPU
		{65936691-0D92-4269-A4A6-8E9C7C506A59}.Debug|Any CPU.Build.0 = Debug|Any CPU
		{65936691-0D92-4269-A4A6-8E9C7C506A59}.Debug|Any CPU.Deploy.0 = Debug|Any CPU
		{65936691-0D92-4269-A4A6-8E9C7C506A59}.Debug|iPhone.ActiveCfg = Debug|Any CPU
		{65936691-0D92-4269-A4A6-8E9C7C506A59}.Debug|iPhone.Build.0 = Debug|Any CPU
		{65936691-0D92-4269-A4A6-8E9C7C506A59}.Debug|iPhone.Deploy.0 = Debug|Any CPU
		{65936691-0D92-4269-A4A6-8E9C7C506A59}.Debug|iPhoneSimulator.ActiveCfg = Debug|Any CPU
		{65936691-0D92-4269-A4A6-8E9C7C506A59}.Debug|iPhoneSimulator.Build.0 = Debug|Any CPU
		{65936691-0D92-4269-A4A6-8E9C7C506A59}.Debug|iPhoneSimulator.Deploy.0 = Debug|Any CPU
		{65936691-0D92-4269-A4A6-8E9C7C506A59}.Release|Any CPU.ActiveCfg = Release|Any CPU
		{65936691-0D92-4269-A4A6-8E9C7C506A59}.Release|Any CPU.Build.0 = Release|Any CPU
		{65936691-0D92-4269-A4A6-8E9C7C506A59}.Release|Any CPU.Deploy.0 = Release|Any CPU
		{65936691-0D92-4269-A4A6-8E9C7C506A59}.Release|iPhone.ActiveCfg = Release|Any CPU
		{65936691-0D92-4269-A4A6-8E9C7C506A59}.Release|iPhone.Build.0 = Release|Any CPU
		{65936691-0D92-4269-A4A6-8E9C7C506A59}.Release|iPhone.Deploy.0 = Release|Any CPU
		{65936691-0D92-4269-A4A6-8E9C7C506A59}.Release|iPhoneSimulator.ActiveCfg = Release|Any CPU
		{65936691-0D92-4269-A4A6-8E9C7C506A59}.Release|iPhoneSimulator.Build.0 = Release|Any CPU
		{65936691-0D92-4269-A4A6-8E9C7C506A59}.Release|iPhoneSimulator.Deploy.0 = Release|Any CPU
		{9EE19092-E058-4CEF-90B1-140E07F9833F}.Debug|Any CPU.ActiveCfg = Debug|iPhone
		{9EE19092-E058-4CEF-90B1-140E07F9833F}.Debug|Any CPU.Build.0 = Debug|iPhone
		{9EE19092-E058-4CEF-90B1-140E07F9833F}.Debug|Any CPU.Deploy.0 = Debug|iPhone
		{9EE19092-E058-4CEF-90B1-140E07F9833F}.Debug|iPhone.ActiveCfg = Debug|iPhone
		{9EE19092-E058-4CEF-90B1-140E07F9833F}.Debug|iPhone.Build.0 = Debug|iPhone
		{9EE19092-E058-4CEF-90B1-140E07F9833F}.Debug|iPhone.Deploy.0 = Debug|iPhone
		{9EE19092-E058-4CEF-90B1-140E07F9833F}.Debug|iPhoneSimulator.ActiveCfg = Debug|iPhoneSimulator
		{9EE19092-E058-4CEF-90B1-140E07F9833F}.Debug|iPhoneSimulator.Build.0 = Debug|iPhoneSimulator
		{9EE19092-E058-4CEF-90B1-140E07F9833F}.Debug|iPhoneSimulator.Deploy.0 = Debug|iPhoneSimulator
		{9EE19092-E058-4CEF-90B1-140E07F9833F}.Release|Any CPU.ActiveCfg = Release|iPhoneSimulator
		{9EE19092-E058-4CEF-90B1-140E07F9833F}.Release|Any CPU.Build.0 = Release|iPhoneSimulator
		{9EE19092-E058-4CEF-90B1-140E07F9833F}.Release|Any CPU.Deploy.0 = Release|iPhoneSimulator
		{9EE19092-E058-4CEF-90B1-140E07F9833F}.Release|iPhone.ActiveCfg = Release|iPhone
		{9EE19092-E058-4CEF-90B1-140E07F9833F}.Release|iPhone.Build.0 = Release|iPhone
		{9EE19092-E058-4CEF-90B1-140E07F9833F}.Release|iPhone.Deploy.0 = Release|iPhone
		{9EE19092-E058-4CEF-90B1-140E07F9833F}.Release|iPhoneSimulator.ActiveCfg = Release|iPhoneSimulator
		{9EE19092-E058-4CEF-90B1-140E07F9833F}.Release|iPhoneSimulator.Build.0 = Release|iPhoneSimulator
		{9EE19092-E058-4CEF-90B1-140E07F9833F}.Release|iPhoneSimulator.Deploy.0 = Release|iPhoneSimulator
		{8D65B060-FBFB-4307-8B48-5EA12844661D}.Debug|Any CPU.ActiveCfg = Debug|Any CPU
		{8D65B060-FBFB-4307-8B48-5EA12844661D}.Debug|Any CPU.Build.0 = Debug|Any CPU
		{8D65B060-FBFB-4307-8B48-5EA12844661D}.Debug|Any CPU.Deploy.0 = Debug|Any CPU
		{8D65B060-FBFB-4307-8B48-5EA12844661D}.Debug|iPhone.ActiveCfg = Debug|Any CPU
		{8D65B060-FBFB-4307-8B48-5EA12844661D}.Debug|iPhone.Build.0 = Debug|Any CPU
		{8D65B060-FBFB-4307-8B48-5EA12844661D}.Debug|iPhone.Deploy.0 = Debug|Any CPU
		{8D65B060-FBFB-4307-8B48-5EA12844661D}.Debug|iPhoneSimulator.ActiveCfg = Debug|Any CPU
		{8D65B060-FBFB-4307-8B48-5EA12844661D}.Debug|iPhoneSimulator.Build.0 = Debug|Any CPU
		{8D65B060-FBFB-4307-8B48-5EA12844661D}.Debug|iPhoneSimulator.Deploy.0 = Debug|Any CPU
		{8D65B060-FBFB-4307-8B48-5EA12844661D}.Release|Any CPU.ActiveCfg = Release|Any CPU
		{8D65B060-FBFB-4307-8B48-5EA12844661D}.Release|Any CPU.Build.0 = Release|Any CPU
		{8D65B060-FBFB-4307-8B48-5EA12844661D}.Release|Any CPU.Deploy.0 = Release|Any CPU
		{8D65B060-FBFB-4307-8B48-5EA12844661D}.Release|iPhone.ActiveCfg = Release|Any CPU
		{8D65B060-FBFB-4307-8B48-5EA12844661D}.Release|iPhone.Build.0 = Release|Any CPU
		{8D65B060-FBFB-4307-8B48-5EA12844661D}.Release|iPhone.Deploy.0 = Release|Any CPU
		{8D65B060-FBFB-4307-8B48-5EA12844661D}.Release|iPhoneSimulator.ActiveCfg = Release|Any CPU
		{8D65B060-FBFB-4307-8B48-5EA12844661D}.Release|iPhoneSimulator.Build.0 = Release|Any CPU
		{8D65B060-FBFB-4307-8B48-5EA12844661D}.Release|iPhoneSimulator.Deploy.0 = Release|Any CPU
	EndGlobalSection
	GlobalSection(SolutionProperties) = preSolution
		HideSolutionNode = FALSE
	EndGlobalSection
	GlobalSection(ExtensibilityGlobals) = postSolution
		SolutionGuid = {BAA64ABD-DBEE-4917-BADD-F6D5C68AD3E8}
	EndGlobalSection
EndGlobal
